// !$*UTF8*$!
{
	archiveVersion = 1;
	classes = {
	};
	objectVersion = 77;
	objects = {

/* Begin PBXContainerItemProxy section */
		127C39EA2E1A06C900F0211C /* PBXContainerItemProxy */ = {
			isa = PBXContainerItemProxy;
			containerPortal = 127C39D02E1A06C700F0211C /* Project object */;
			proxyType = 1;
			remoteGlobalIDString = 127C39D72E1A06C700F0211C;
			remoteInfo = MemoInput;
		};
		127C39F42E1A06C900F0211C /* PBXContainerItemProxy */ = {
			isa = PBXContainerItemProxy;
			containerPortal = 127C39D02E1A06C700F0211C /* Project object */;
			proxyType = 1;
			remoteGlobalIDString = 127C39D72E1A06C700F0211C;
			remoteInfo = MemoInput;
		};
/* End PBXContainerItemProxy section */

/* Begin PBXFileReference section */
		127C39D82E1A06C700F0211C /* MemoInput.app */ = {isa = PBXFileReference; explicitFileType = wrapper.application; includeInIndex = 0; path = MemoInput.app; sourceTree = BUILT_PRODUCTS_DIR; };
		127C39E92E1A06C900F0211C /* MemoInputTests.xctest */ = {isa = PBXFileReference; explicitFileType = wrapper.cfbundle; includeInIndex = 0; path = MemoInputTests.xctest; sourceTree = BUILT_PRODUCTS_DIR; };
		127C39F32E1A06C900F0211C /* MemoInputUITests.xctest */ = {isa = PBXFileReference; explicitFileType = wrapper.cfbundle; includeInIndex = 0; path = MemoInputUITests.xctest; sourceTree = BUILT_PRODUCTS_DIR; };
/* End PBXFileReference section */

/* Begin PBXFileSystemSynchronizedRootGroup section */
		127C39DA2E1A06C700F0211C /* MemoInput */ = {
			isa = PBXFileSystemSynchronizedRootGroup;
			path = MemoInput;
			sourceTree = "<group>";
		};
		127C39EC2E1A06C900F0211C /* MemoInputTests */ = {
			isa = PBXFileSystemSynchronizedRootGroup;
			path = MemoInputTests;
			sourceTree = "<group>";
		};
		127C39F62E1A06C900F0211C /* MemoInputUITests */ = {
			isa = PBXFileSystemSynchronizedRootGroup;
			path = MemoInputUITests;
			sourceTree = "<group>";
		};
		127C3A092E1A078400F0211C /* View */ = {
			isa = PBXFileSystemSynchronizedRootGroup;
			path = View;
			sourceTree = "<group>";
		};
		127C3A0A2E1A078900F0211C /* Presenter */ = {
			isa = PBXFileSystemSynchronizedRootGroup;
			path = Presenter;
			sourceTree = "<group>";
		};
		127C3A0B2E1A079100F0211C /* Model */ = {
			isa = PBXFileSystemSynchronizedRootGroup;
			path = Model;
			sourceTree = "<group>";
		};
/* End PBXFileSystemSynchronizedRootGroup section */

/* Begin PBXFrameworksBuildPhase section */
		127C39D52E1A06C700F0211C /* Frameworks */ = {
			isa = PBXFrameworksBuildPhase;
			buildActionMask = 2147483647;
			files = (
			);
			runOnlyForDeploymentPostprocessing = 0;
		};
		127C39E62E1A06C900F0211C /* Frameworks */ = {
			isa = PBXFrameworksBuildPhase;
			buildActionMask = 2147483647;
			files = (
			);
			runOnlyForDeploymentPostprocessing = 0;
		};
		127C39F02E1A06C900F0211C /* Frameworks */ = {
			isa = PBXFrameworksBuildPhase;
			buildActionMask = 2147483647;
			files = (
			);
			runOnlyForDeploymentPostprocessing = 0;
		};
/* End PBXFrameworksBuildPhase section */

/* Begin PBXGroup section */
		127C39CF2E1A06C700F0211C = {
			isa = PBXGroup;
			children = (
				127C3A0B2E1A079100F0211C /* Model */,
				127C3A0A2E1A078900F0211C /* Presenter */,
				127C3A092E1A078400F0211C /* View */,
				127C39DA2E1A06C700F0211C /* MemoInput */,
				127C39EC2E1A06C900F0211C /* MemoInputTests */,
				127C39F62E1A06C900F0211C /* MemoInputUITests */,
				127C39D92E1A06C700F0211C /* Products */,
			);
			sourceTree = "<group>";
		};
		127C39D92E1A06C700F0211C /* Products */ = {
			isa = PBXGroup;
			children = (
				127C39D82E1A06C700F0211C /* MemoInput.app */,
				127C39E92E1A06C900F0211C /* MemoInputTests.xctest */,
				127C39F32E1A06C900F0211C /* MemoInputUITests.xctest */,
			);
			name = Products;
			sourceTree = "<group>";
		};
/* End PBXGroup section */

/* Begin PBXNativeTarget section */
		127C39D72E1A06C700F0211C /* MemoInput */ = {
			isa = PBXNativeTarget;
			buildConfigurationList = 127C39FD2E1A06C900F0211C /* Build configuration list for PBXNativeTarget "MemoInput" */;
			buildPhases = (
				127C39D42E1A06C700F0211C /* Sources */,
				127C39D52E1A06C700F0211C /* Frameworks */,
				127C39D62E1A06C700F0211C /* Resources */,
			);
			buildRules = (
			);
			dependencies = (
			);
			fileSystemSynchronizedGroups = (
				127C39DA2E1A06C700F0211C /* MemoInput */,
				127C3A092E1A078400F0211C /* View */,
				127C3A0A2E1A078900F0211C /* Presenter */,
				127C3A0B2E1A079100F0211C /* Model */,
			);
			name = MemoInput;
			packageProductDependencies = (
			);
			productName = MemoInput;
			productReference = 127C39D82E1A06C700F0211C /* MemoInput.app */;
			productType = "com.apple.product-type.application";
		};
		127C39E82E1A06C900F0211C /* MemoInputTests */ = {
			isa = PBXNativeTarget;
			buildConfigurationList = 127C3A002E1A06C900F0211C /* Build configuration list for PBXNativeTarget "MemoInputTests" */;
			buildPhases = (
				127C39E52E1A06C900F0211C /* Sources */,
				127C39E62E1A06C900F0211C /* Frameworks */,
				127C39E72E1A06C900F0211C /* Resources */,
			);
			buildRules = (
			);
			dependencies = (
				127C39EB2E1A06C900F0211C /* PBXTargetDependency */,
			);
			fileSystemSynchronizedGroups = (
				127C39EC2E1A06C900F0211C /* MemoInputTests */,
			);
			name = MemoInputTests;
			packageProductDependencies = (
			);
			productName = MemoInputTests;
			productReference = 127C39E92E1A06C900F0211C /* MemoInputTests.xctest */;
			productType = "com.apple.product-type.bundle.unit-test";
		};
		127C39F22E1A06C900F0211C /* MemoInputUITests */ = {
			isa = PBXNativeTarget;
			buildConfigurationList = 127C3A032E1A06C900F0211C /* Build configuration list for PBXNativeTarget "MemoInputUITests" */;
			buildPhases = (
				127C39EF2E1A06C900F0211C /* Sources */,
				127C39F02E1A06C900F0211C /* Frameworks */,
				127C39F12E1A06C900F0211C /* Resources */,
			);
			buildRules = (
			);
			dependencies = (
				127C39F52E1A06C900F0211C /* PBXTargetDependency */,
			);
			fileSystemSynchronizedGroups = (
				127C39F62E1A06C900F0211C /* MemoInputUITests */,
			);
			name = MemoInputUITests;
			packageProductDependencies = (
			);
			productName = MemoInputUITests;
			productReference = 127C39F32E1A06C900F0211C /* MemoInputUITests.xctest */;
			productType = "com.apple.product-type.bundle.ui-testing";
		};
/* End PBXNativeTarget section */

/* Begin PBXProject section */
		127C39D02E1A06C700F0211C /* Project object */ = {
			isa = PBXProject;
			attributes = {
				BuildIndependentTargetsInParallel = 1;
				LastSwiftUpdateCheck = 1620;
				LastUpgradeCheck = 1620;
				TargetAttributes = {
					127C39D72E1A06C700F0211C = {
						CreatedOnToolsVersion = 16.2;
					};
					127C39E82E1A06C900F0211C = {
						CreatedOnToolsVersion = 16.2;
						TestTargetID = 127C39D72E1A06C700F0211C;
					};
					127C39F22E1A06C900F0211C = {
						CreatedOnToolsVersion = 16.2;
						TestTargetID = 127C39D72E1A06C700F0211C;
					};
				};
			};
			buildConfigurationList = 127C39D32E1A06C700F0211C /* Build configuration list for PBXProject "MemoInput" */;
			developmentRegion = en;
			hasScannedForEncodings = 0;
			knownRegions = (
				en,
				Base,
			);
			mainGroup = 127C39CF2E1A06C700F0211C;
			minimizedProjectReferenceProxies = 1;
			preferredProjectObjectVersion = 77;
			productRefGroup = 127C39D92E1A06C700F0211C /* Products */;
			projectDirPath = "";
			projectRoot = "";
			targets = (
				127C39D72E1A06C700F0211C /* MemoInput */,
				127C39E82E1A06C900F0211C /* MemoInputTests */,
				127C39F22E1A06C900F0211C /* MemoInputUITests */,
			);
		};
/* End PBXProject section */

/* Begin PBXResourcesBuildPhase section */
		127C39D62E1A06C700F0211C /* Resources */ = {
			isa = PBXResourcesBuildPhase;
			buildActionMask = 2147483647;
			files = (
			);
			runOnlyForDeploymentPostprocessing = 0;
		};
		127C39E72E1A06C900F0211C /* Resources */ = {
			isa = PBXResourcesBuildPhase;
			buildActionMask = 2147483647;
			files = (
			);
			runOnlyForDeploymentPostprocessing = 0;
		};
		127C39F12E1A06C900F0211C /* Resources */ = {
			isa = PBXResourcesBuildPhase;
			buildActionMask = 2147483647;
			files = (
			);
			runOnlyForDeploymentPostprocessing = 0;
		};
/* End PBXResourcesBuildPhase section */

/* Begin PBXSourcesBuildPhase section */
		127C39D42E1A06C700F0211C /* Sources */ = {
			isa = PBXSourcesBuildPhase;
			buildActionMask = 2147483647;
			files = (
			);
			runOnlyForDeploymentPostprocessing = 0;
		};
		127C39E52E1A06C900F0211C /* Sources */ = {
			isa = PBXSourcesBuildPhase;
			buildActionMask = 2147483647;
			files = (
			);
			runOnlyForDeploymentPostprocessing = 0;
		};
		127C39EF2E1A06C900F0211C /* Sources */ = {
			isa = PBXSourcesBuildPhase;
			buildActionMask = 2147483647;
			files = (
			);
			runOnlyForDeploymentPostprocessing = 0;
		};
/* End PBXSourcesBuildPhase section */

/* Begin PBXTargetDependency section */
		127C39EB2E1A06C900F0211C /* PBXTargetDependency */ = {
			isa = PBXTargetDependency;
			target = 127C39D72E1A06C700F0211C /* MemoInput */;
			targetProxy = 127C39EA2E1A06C900F0211C /* PBXContainerItemProxy */;
		};
		127C39F52E1A06C900F0211C /* PBXTargetDependency */ = {
			isa = PBXTargetDependency;
			target = 127C39D72E1A06C700F0211C /* MemoInput */;
			targetProxy = 127C39F42E1A06C900F0211C /* PBXContainerItemProxy */;
		};
/* End PBXTargetDependency section */

/* Begin XCBuildConfiguration section */
		127C39FB2E1A06C900F0211C /* Debug */ = {
			isa = XCBuildConfiguration;
			buildSettings = {
				ALWAYS_SEARCH_USER_PATHS = NO;
				ASSETCATALOG_COMPILER_GENERATE_SWIFT_ASSET_SYMBOL_EXTENSIONS = YES;
				CLANG_ANALYZER_NONNULL = YES;
				CLANG_ANALYZER_NUMBER_OBJECT_CONVERSION = YES_AGGRESSIVE;
				CLANG_CXX_LANGUAGE_STANDARD = "gnu++20";
				CLANG_ENABLE_MODULES = YES;
				CLANG_ENABLE_OBJC_ARC = YES;
				CLANG_ENABLE_OBJC_WEAK = YES;
				CLANG_WARN_BLOCK_CAPTURE_AUTORELEASING = YES;
				CLANG_WARN_BOOL_CONVERSION = YES;
				CLANG_WARN_COMMA = YES;
				CLANG_WARN_CONSTANT_CONVERSION = YES;
				CLANG_WARN_DEPRECATED_OBJC_IMPLEMENTATIONS = YES;
				CLANG_WARN_DIRECT_OBJC_ISA_USAGE = YES_ERROR;
				CLANG_WARN_DOCUMENTATION_COMMENTS = YES;
				CLANG_WARN_EMPTY_BODY = YES;
				CLANG_WARN_ENUM_CONVERSION = YES;
				CLANG_WARN_INFINITE_RECURSION = YES;
				CLANG_WARN_INT_CONVERSION = YES;
				CLANG_WARN_NON_LITERAL_NULL_CONVERSION = YES;
				CLANG_WARN_OBJC_IMPLICIT_RETAIN_SELF = YES;
				CLANG_WARN_OBJC_LITERAL_CONVERSION = YES;
				CLANG_WARN_OBJC_ROOT_CLASS = YES_ERROR;
				CLANG_WARN_QUOTED_INCLUDE_IN_FRAMEWORK_HEADER = YES;
				CLANG_WARN_RANGE_LOOP_ANALYSIS = YES;
				CLANG_WARN_STRICT_PROTOTYPES = YES;
				CLANG_WARN_SUSPICIOUS_MOVE = YES;
				CLANG_WARN_UNGUARDED_AVAILABILITY = YES_AGGRESSIVE;
				CLANG_WARN_UNREACHABLE_CODE = YES;
				CLANG_WARN__DUPLICATE_METHOD_MATCH = YES;
				COPY_PHASE_STRIP = NO;
				DEBUG_INFORMATION_FORMAT = dwarf;
				ENABLE_STRICT_OBJC_MSGSEND = YES;
				ENABLE_TESTABILITY = YES;
				ENABLE_USER_SCRIPT_SANDBOXING = YES;
				GCC_C_LANGUAGE_STANDARD = gnu17;
				GCC_DYNAMIC_NO_PIC = NO;
				GCC_NO_COMMON_BLOCKS = YES;
				GCC_OPTIMIZATION_LEVEL = 0;
				GCC_PREPROCESSOR_DEFINITIONS = (
					"DEBUG=1",
					"$(inherited)",
				);
				GCC_WARN_64_TO_32_BIT_CONVERSION = YES;
				GCC_WARN_ABOUT_RETURN_TYPE = YES_ERROR;
				GCC_WARN_UNDECLARED_SELECTOR = YES;
				GCC_WARN_UNINITIALIZED_AUTOS = YES_AGGRESSIVE;
				GCC_WARN_UNUSED_FUNCTION = YES;
				GCC_WARN_UNUSED_VARIABLE = YES;
				LOCALIZATION_PREFERS_STRING_CATALOGS = YES;
				MACOSX_DEPLOYMENT_TARGET = 14.6;
				MTL_ENABLE_DEBUG_INFO = INCLUDE_SOURCE;
				MTL_FAST_MATH = YES;
				ONLY_ACTIVE_ARCH = YES;
				SDKROOT = macosx;
				SWIFT_ACTIVE_COMPILATION_CONDITIONS = "DEBUG $(inherited)";
				SWIFT_OPTIMIZATION_LEVEL = "-Onone";
			};
			name = Debug;
		};
		127C39FC2E1A06C900F0211C /* Release */ = {
			isa = XCBuildConfiguration;
			buildSettings = {
				ALWAYS_SEARCH_USER_PATHS = NO;
				ASSETCATALOG_COMPILER_GENERATE_SWIFT_ASSET_SYMBOL_EXTENSIONS = YES;
				CLANG_ANALYZER_NONNULL = YES;
				CLANG_ANALYZER_NUMBER_OBJECT_CONVERSION = YES_AGGRESSIVE;
				CLANG_CXX_LANGUAGE_STANDARD = "gnu++20";
				CLANG_ENABLE_MODULES = YES;
				CLANG_ENABLE_OBJC_ARC = YES;
				CLANG_ENABLE_OBJC_WEAK = YES;
				CLANG_WARN_BLOCK_CAPTURE_AUTORELEASING = YES;
				CLANG_WARN_BOOL_CONVERSION = YES;
				CLANG_WARN_COMMA = YES;
				CLANG_WARN_CONSTANT_CONVERSION = YES;
				CLANG_WARN_DEPRECATED_OBJC_IMPLEMENTATIONS = YES;
				CLANG_WARN_DIRECT_OBJC_ISA_USAGE = YES_ERROR;
				CLANG_WARN_DOCUMENTATION_COMMENTS = YES;
				CLANG_WARN_EMPTY_BODY = YES;
				CLANG_WARN_ENUM_CONVERSION = YES;
				CLANG_WARN_INFINITE_RECURSION = YES;
				CLANG_WARN_INT_CONVERSION = YES;
				CLANG_WARN_NON_LITERAL_NULL_CONVERSION = YES;
				CLANG_WARN_OBJC_IMPLICIT_RETAIN_SELF = YES;
				CLANG_WARN_OBJC_LITERAL_CONVERSION = YES;
				CLANG_WARN_OBJC_ROOT_CLASS = YES_ERROR;
				CLANG_WARN_QUOTED_INCLUDE_IN_FRAMEWORK_HEADER = YES;
				CLANG_WARN_RANGE_LOOP_ANALYSIS = YES;
				CLANG_WARN_STRICT_PROTOTYPES = YES;
				CLANG_WARN_SUSPICIOUS_MOVE = YES;
				CLANG_WARN_UNGUARDED_AVAILABILITY = YES_AGGRESSIVE;
				CLANG_WARN_UNREACHABLE_CODE = YES;
				CLANG_WARN__DUPLICATE_METHOD_MATCH = YES;
				COPY_PHASE_STRIP = NO;
				DEBUG_INFORMATION_FORMAT = "dwarf-with-dsym";
				ENABLE_NS_ASSERTIONS = NO;
				ENABLE_STRICT_OBJC_MSGSEND = YES;
				ENABLE_USER_SCRIPT_SANDBOXING = YES;
				GCC_C_LANGUAGE_STANDARD = gnu17;
				GCC_NO_COMMON_BLOCKS = YES;
				GCC_WARN_64_TO_32_BIT_CONVERSION = YES;
				GCC_WARN_ABOUT_RETURN_TYPE = YES_ERROR;
				GCC_WARN_UNDECLARED_SELECTOR = YES;
				GCC_WARN_UNINITIALIZED_AUTOS = YES_AGGRESSIVE;
				GCC_WARN_UNUSED_FUNCTION = YES;
				GCC_WARN_UNUSED_VARIABLE = YES;
				LOCALIZATION_PREFERS_STRING_CATALOGS = YES;
				MACOSX_DEPLOYMENT_TARGET = 14.6;
				MTL_ENABLE_DEBUG_INFO = NO;
				MTL_FAST_MATH = YES;
				SDKROOT = macosx;
				SWIFT_COMPILATION_MODE = wholemodule;
			};
			name = Release;
		};
		127C39FE2E1A06C900F0211C /* Debug */ = {
			isa = XCBuildConfiguration;
			buildSettings = {
				ASSETCATALOG_COMPILER_APPICON_NAME = AppIcon;
				ASSETCATALOG_COMPILER_GLOBAL_ACCENT_COLOR_NAME = AccentColor;
				CODE_SIGN_ENTITLEMENTS = MemoInput/MemoInput.entitlements;
				CODE_SIGN_STYLE = Automatic;
				COMBINE_HIDPI_IMAGES = YES;
				CURRENT_PROJECT_VERSION = 1;
				GENERATE_INFOPLIST_FILE = YES;
				INFOPLIST_KEY_NSHumanReadableCopyright = "";
				INFOPLIST_KEY_NSPrincipalClass = NSApplication;
				LD_RUNPATH_SEARCH_PATHS = (
					"$(inherited)",
					"@executable_path/../Frameworks",
				);
				MARKETING_VERSION = 1.0;
				PRODUCT_BUNDLE_IDENTIFIER = mississippistudio.MemoInput;
				PRODUCT_NAME = "$(TARGET_NAME)";
				SWIFT_EMIT_LOC_STRINGS = YES;
				SWIFT_VERSION = 5.0;
			};
			name = Debug;
		};
		127C39FF2E1A06C900F0211C /* Release */ = {
			isa = XCBuildConfiguration;
			buildSettings = {
				ASSETCATALOG_COMPILER_APPICON_NAME = AppIcon;
				ASSETCATALOG_COMPILER_GLOBAL_ACCENT_COLOR_NAME = AccentColor;
				CODE_SIGN_ENTITLEMENTS = MemoInput/MemoInput.entitlements;
				CODE_SIGN_STYLE = Automatic;
				COMBINE_HIDPI_IMAGES = YES;
				CURRENT_PROJECT_VERSION = 1;
				GENERATE_INFOPLIST_FILE = YES;
				INFOPLIST_KEY_NSHumanReadableCopyright = "";
				INFOPLIST_KEY_NSPrincipalClass = NSApplication;
				LD_RUNPATH_SEARCH_PATHS = (
					"$(inherited)",
					"@executable_path/../Frameworks",
				);
				MARKETING_VERSION = 1.0;
				PRODUCT_BUNDLE_IDENTIFIER = mississippistudio.MemoInput;
				PRODUCT_NAME = "$(TARGET_NAME)";
				SWIFT_EMIT_LOC_STRINGS = YES;
				SWIFT_VERSION = 5.0;
			};
			name = Release;
		};
		127C3A012E1A06C900F0211C /* Debug */ = {
			isa = XCBuildConfiguration;
			buildSettings = {
				BUNDLE_LOADER = "$(TEST_HOST)";
				CODE_SIGN_STYLE = Automatic;
				CURRENT_PROJECT_VERSION = 1;
				GENERATE_INFOPLIST_FILE = YES;
				MACOSX_DEPLOYMENT_TARGET = 14.6;
				MARKETING_VERSION = 1.0;
				PRODUCT_BUNDLE_IDENTIFIER = mississippistudio.MemoInputTests;
				PRODUCT_NAME = "$(TARGET_NAME)";
				SWIFT_EMIT_LOC_STRINGS = NO;
				SWIFT_VERSION = 5.0;
				TEST_HOST = "$(BUILT_PRODUCTS_DIR)/MemoInput.app/$(BUNDLE_EXECUTABLE_FOLDER_PATH)/MemoInput";
			};
			name = Debug;
		};
		127C3A022E1A06C900F0211C /* Release */ = {
			isa = XCBuildConfiguration;
			buildSettings = {
				BUNDLE_LOADER = "$(TEST_HOST)";
				CODE_SIGN_STYLE = Automatic;
				CURRENT_PROJECT_VERSION = 1;
				GENERATE_INFOPLIST_FILE = YES;
				MACOSX_DEPLOYMENT_TARGET = 14.6;
				MARKETING_VERSION = 1.0;
				PRODUCT_BUNDLE_IDENTIFIER = mississippistudio.MemoInputTests;
				PRODUCT_NAME = "$(TARGET_NAME)";
				SWIFT_EMIT_LOC_STRINGS = NO;
				SWIFT_VERSION = 5.0;
				TEST_HOST = "$(BUILT_PRODUCTS_DIR)/MemoInput.app/$(BUNDLE_EXECUTABLE_FOLDER_PATH)/MemoInput";
			};
			name = Release;
		};
		127C3A042E1A06C900F0211C /* Debug */ = {
			isa = XCBuildConfiguration;
			buildSettings = {
				CODE_SIGN_STYLE = Automatic;
				CURRENT_PROJECT_VERSION = 1;
				GENERATE_INFOPLIST_FILE = YES;
				MARKETING_VERSION = 1.0;
				PRODUCT_BUNDLE_IDENTIFIER = mississippistudio.MemoInputUITests;
				PRODUCT_NAME = "$(TARGET_NAME)";
				SWIFT_EMIT_LOC_STRINGS = NO;
				SWIFT_VERSION = 5.0;
				TEST_TARGET_NAME = MemoInput;
			};
			name = Debug;
		};
		127C3A052E1A06C900F0211C /* Release */ = {
			isa = XCBuildConfiguration;
			buildSettings = {
				CODE_SIGN_STYLE = Automatic;
				CURRENT_PROJECT_VERSION = 1;
				GENERATE_INFOPLIST_FILE = YES;
				MARKETING_VERSION = 1.0;
				PRODUCT_BUNDLE_IDENTIFIER = mississippistudio.MemoInputUITests;
				PRODUCT_NAME = "$(TARGET_NAME)";
				SWIFT_EMIT_LOC_STRINGS = NO;
				SWIFT_VERSION = 5.0;
				TEST_TARGET_NAME = MemoInput;
			};
			name = Release;
		};
/* End XCBuildConfiguration section */

/* Begin XCConfigurationList section */
		127C39D32E1A06C700F0211C /* Build configuration list for PBXProject "MemoInput" */ = {
			isa = XCConfigurationList;
			buildConfigurations = (
				127C39FB2E1A06C900F0211C /* Debug */,
				127C39FC2E1A06C900F0211C /* Release */,
			);
			defaultConfigurationIsVisible = 0;
			defaultConfigurationName = Release;
		};
		127C39FD2E1A06C900F0211C /* Build configuration list for PBXNativeTarget "MemoInput" */ = {
			isa = XCConfigurationList;
			buildConfigurations = (
				127C39FE2E1A06C900F0211C /* Debug */,
				127C39FF2E1A06C900F0211C /* Release */,
			);
			defaultConfigurationIsVisible = 0;
			defaultConfigurationName = Release;
		};
		127C3A002E1A06C900F0211C /* Build configuration list for PBXNativeTarget "MemoInputTests" */ = {
			isa = XCConfigurationList;
			buildConfigurations = (
				127C3A012E1A06C900F0211C /* Debug */,
				127C3A022E1A06C900F0211C /* Release */,
			);
			defaultConfigurationIsVisible = 0;
			defaultConfigurationName = Release;
		};
		127C3A032E1A06C900F0211C /* Build configuration list for PBXNativeTarget "MemoInputUITests" */ = {
			isa = XCConfigurationList;
			buildConfigurations = (
				127C3A042E1A06C900F0211C /* Debug */,
				127C3A052E1A06C900F0211C /* Release */,
			);
			defaultConfigurationIsVisible = 0;
			defaultConfigurationName = Release;
		};
/* End XCConfigurationList section */
	};
	rootObject = 127C39D02E1A06C700F0211C /* Project object */;
}
